// !$*UTF8*$!
{
	archiveVersion = 1;
	classes = {
	};
	objectVersion = 77;
	objects = {

/* Begin PBXContainerItemProxy section */
		96DDB35A2DE9F1680041269A /* PBXContainerItemProxy */ = {
			isa = PBXContainerItemProxy;
			containerPortal = 96DDB3412DE9F1670041269A /* Project object */;
			proxyType = 1;
			remoteGlobalIDString = 96DDB3482DE9F1670041269A;
			remoteInfo = CineList;
		};
		96DDB3642DE9F1680041269A /* PBXContainerItemProxy */ = {
			isa = PBXContainerItemProxy;
			containerPortal = 96DDB3412DE9F1670041269A /* Project object */;
			proxyType = 1;
			remoteGlobalIDString = 96DDB3482DE9F1670041269A;
			remoteInfo = CineList;
		};
/* End PBXContainerItemProxy section */

/* Begin PBXFileReference section */
		96DDB3492DE9F1670041269A /* CineList.app */ = {isa = PBXFileReference; explicitFileType = wrapper.application; includeInIndex = 0; path = CineList.app; sourceTree = BUILT_PRODUCTS_DIR; };
		96DDB3592DE9F1680041269A /* CineListTests.xctest */ = {isa = PBXFileReference; explicitFileType = wrapper.cfbundle; includeInIndex = 0; path = CineListTests.xctest; sourceTree = BUILT_PRODUCTS_DIR; };
		96DDB3632DE9F1680041269A /* CineListUITests.xctest */ = {isa = PBXFileReference; explicitFileType = wrapper.cfbundle; includeInIndex = 0; path = CineListUITests.xctest; sourceTree = BUILT_PRODUCTS_DIR; };
/* End PBXFileReference section */

/* Begin PBXFileSystemSynchronizedRootGroup section */
		96DDB34B2DE9F1670041269A /* CineList */ = {
			isa = PBXFileSystemSynchronizedRootGroup;
			path = CineList;
			sourceTree = "<group>";
		};
		96DDB35C2DE9F1680041269A /* CineListTests */ = {
			isa = PBXFileSystemSynchronizedRootGroup;
			path = CineListTests;
			sourceTree = "<group>";
		};
		96DDB3662DE9F1680041269A /* CineListUITests */ = {
			isa = PBXFileSystemSynchronizedRootGroup;
			path = CineListUITests;
			sourceTree = "<group>";
		};
/* End PBXFileSystemSynchronizedRootGroup section */

/* Begin PBXFrameworksBuildPhase section */
		96DDB3462DE9F1670041269A /* Frameworks */ = {
			isa = PBXFrameworksBuildPhase;
			buildActionMask = 2147483647;
			files = (
			);
			runOnlyForDeploymentPostprocessing = 0;
		};
		96DDB3562DE9F1680041269A /* Frameworks */ = {
			isa = PBXFrameworksBuildPhase;
			buildActionMask = 2147483647;
			files = (
			);
			runOnlyForDeploymentPostprocessing = 0;
		};
		96DDB3602DE9F1680041269A /* Frameworks */ = {
			isa = PBXFrameworksBuildPhase;
			buildActionMask = 2147483647;
			files = (
			);
			runOnlyForDeploymentPostprocessing = 0;
		};
/* End PBXFrameworksBuildPhase section */

/* Begin PBXGroup section */
		96DDB3402DE9F1670041269A = {
			isa = PBXGroup;
			children = (
				96DDB34B2DE9F1670041269A /* CineList */,
				96DDB35C2DE9F1680041269A /* CineListTests */,
				96DDB3662DE9F1680041269A /* CineListUITests */,
				96DDB34A2DE9F1670041269A /* Products */,
			);
			sourceTree = "<group>";
		};
		96DDB34A2DE9F1670041269A /* Products */ = {
			isa = PBXGroup;
			children = (
				96DDB3492DE9F1670041269A /* CineList.app */,
				96DDB3592DE9F1680041269A /* CineListTests.xctest */,
				96DDB3632DE9F1680041269A /* CineListUITests.xctest */,
			);
			name = Products;
			sourceTree = "<group>";
		};
/* End PBXGroup section */

/* Begin PBXNativeTarget section */
		96DDB3482DE9F1670041269A /* CineList */ = {
			isa = PBXNativeTarget;
			buildConfigurationList = 96DDB36D2DE9F1680041269A /* Build configuration list for PBXNativeTarget "CineList" */;
			buildPhases = (
				96DDB3452DE9F1670041269A /* Sources */,
				96DDB3462DE9F1670041269A /* Frameworks */,
				96DDB3472DE9F1670041269A /* Resources */,
			);
			buildRules = (
			);
			dependencies = (
			);
			fileSystemSynchronizedGroups = (
				96DDB34B2DE9F1670041269A /* CineList */,
			);
			name = CineList;
			packageProductDependencies = (
			);
			productName = CineList;
			productReference = 96DDB3492DE9F1670041269A /* CineList.app */;
			productType = "com.apple.product-type.application";
		};
		96DDB3582DE9F1680041269A /* CineListTests */ = {
			isa = PBXNativeTarget;
			buildConfigurationList = 96DDB3702DE9F1680041269A /* Build configuration list for PBXNativeTarget "CineListTests" */;
			buildPhases = (
				96DDB3552DE9F1680041269A /* Sources */,
				96DDB3562DE9F1680041269A /* Frameworks */,
				96DDB3572DE9F1680041269A /* Resources */,
			);
			buildRules = (
			);
			dependencies = (
				96DDB35B2DE9F1680041269A /* PBXTargetDependency */,
			);
			fileSystemSynchronizedGroups = (
				96DDB35C2DE9F1680041269A /* CineListTests */,
			);
			name = CineListTests;
			packageProductDependencies = (
			);
			productName = CineListTests;
			productReference = 96DDB3592DE9F1680041269A /* CineListTests.xctest */;
			productType = "com.apple.product-type.bundle.unit-test";
		};
		96DDB3622DE9F1680041269A /* CineListUITests */ = {
			isa = PBXNativeTarget;
			buildConfigurationList = 96DDB3732DE9F1680041269A /* Build configuration list for PBXNativeTarget "CineListUITests" */;
			buildPhases = (
				96DDB35F2DE9F1680041269A /* Sources */,
				96DDB3602DE9F1680041269A /* Frameworks */,
				96DDB3612DE9F1680041269A /* Resources */,
			);
			buildRules = (
			);
			dependencies = (
				96DDB3652DE9F1680041269A /* PBXTargetDependency */,
			);
			fileSystemSynchronizedGroups = (
				96DDB3662DE9F1680041269A /* CineListUITests */,
			);
			name = CineListUITests;
			packageProductDependencies = (
			);
			productName = CineListUITests;
			productReference = 96DDB3632DE9F1680041269A /* CineListUITests.xctest */;
			productType = "com.apple.product-type.bundle.ui-testing";
		};
/* End PBXNativeTarget section */

/* Begin PBXProject section */
		96DDB3412DE9F1670041269A /* Project object */ = {
			isa = PBXProject;
			attributes = {
				BuildIndependentTargetsInParallel = 1;
				LastSwiftUpdateCheck = 1620;
				LastUpgradeCheck = 1620;
				TargetAttributes = {
					96DDB3482DE9F1670041269A = {
						CreatedOnToolsVersion = 16.2;
					};
					96DDB3582DE9F1680041269A = {
						CreatedOnToolsVersion = 16.2;
						TestTargetID = 96DDB3482DE9F1670041269A;
					};
					96DDB3622DE9F1680041269A = {
						CreatedOnToolsVersion = 16.2;
						TestTargetID = 96DDB3482DE9F1670041269A;
					};
				};
			};
			buildConfigurationList = 96DDB3442DE9F1670041269A /* Build configuration list for PBXProject "CineList" */;
			developmentRegion = en;
			hasScannedForEncodings = 0;
			knownRegions = (
				en,
				Base,
			);
			mainGroup = 96DDB3402DE9F1670041269A;
			minimizedProjectReferenceProxies = 1;
			preferredProjectObjectVersion = 77;
			productRefGroup = 96DDB34A2DE9F1670041269A /* Products */;
			projectDirPath = "";
			projectRoot = "";
			targets = (
				96DDB3482DE9F1670041269A /* CineList */,
				96DDB3582DE9F1680041269A /* CineListTests */,
				96DDB3622DE9F1680041269A /* CineListUITests */,
			);
		};
/* End PBXProject section */

/* Begin PBXResourcesBuildPhase section */
		96DDB3472DE9F1670041269A /* Resources */ = {
			isa = PBXResourcesBuildPhase;
			buildActionMask = 2147483647;
			files = (
			);
			runOnlyForDeploymentPostprocessing = 0;
		};
		96DDB3572DE9F1680041269A /* Resources */ = {
			isa = PBXResourcesBuildPhase;
			buildActionMask = 2147483647;
			files = (
			);
			runOnlyForDeploymentPostprocessing = 0;
		};
		96DDB3612DE9F1680041269A /* Resources */ = {
			isa = PBXResourcesBuildPhase;
			buildActionMask = 2147483647;
			files = (
			);
			runOnlyForDeploymentPostprocessing = 0;
		};
/* End PBXResourcesBuildPhase section */

/* Begin PBXSourcesBuildPhase section */
		96DDB3452DE9F1670041269A /* Sources */ = {
			isa = PBXSourcesBuildPhase;
			buildActionMask = 2147483647;
			files = (
			);
			runOnlyForDeploymentPostprocessing = 0;
		};
		96DDB3552DE9F1680041269A /* Sources */ = {
			isa = PBXSourcesBuildPhase;
			buildActionMask = 2147483647;
			files = (
			);
			runOnlyForDeploymentPostprocessing = 0;
		};
		96DDB35F2DE9F1680041269A /* Sources */ = {
			isa = PBXSourcesBuildPhase;
			buildActionMask = 2147483647;
			files = (
			);
			runOnlyForDeploymentPostprocessing = 0;
		};
/* End PBXSourcesBuildPhase section */

/* Begin PBXTargetDependency section */
		96DDB35B2DE9F1680041269A /* PBXTargetDependency */ = {
			isa = PBXTargetDependency;
			target = 96DDB3482DE9F1670041269A /* CineList */;
			targetProxy = 96DDB35A2DE9F1680041269A /* PBXContainerItemProxy */;
		};
		96DDB3652DE9F1680041269A /* PBXTargetDependency */ = {
			isa = PBXTargetDependency;
			target = 96DDB3482DE9F1670041269A /* CineList */;
			targetProxy = 96DDB3642DE9F1680041269A /* PBXContainerItemProxy */;
		};
/* End PBXTargetDependency section */

/* Begin XCBuildConfiguration section */
		96DDB36B2DE9F1680041269A /* Debug */ = {
			isa = XCBuildConfiguration;
			buildSettings = {
				ALWAYS_SEARCH_USER_PATHS = NO;
				ASSETCATALOG_COMPILER_GENERATE_SWIFT_ASSET_SYMBOL_EXTENSIONS = YES;
				CLANG_ANALYZER_NONNULL = YES;
				CLANG_ANALYZER_NUMBER_OBJECT_CONVERSION = YES_AGGRESSIVE;
				CLANG_CXX_LANGUAGE_STANDARD = "gnu++20";
				CLANG_ENABLE_MODULES = YES;
				CLANG_ENABLE_OBJC_ARC = YES;
				CLANG_ENABLE_OBJC_WEAK = YES;
				CLANG_WARN_BLOCK_CAPTURE_AUTORELEASING = YES;
				CLANG_WARN_BOOL_CONVERSION = YES;
				CLANG_WARN_COMMA = YES;
				CLANG_WARN_CONSTANT_CONVERSION = YES;
				CLANG_WARN_DEPRECATED_OBJC_IMPLEMENTATIONS = YES;
				CLANG_WARN_DIRECT_OBJC_ISA_USAGE = YES_ERROR;
				CLANG_WARN_DOCUMENTATION_COMMENTS = YES;
				CLANG_WARN_EMPTY_BODY = YES;
				CLANG_WARN_ENUM_CONVERSION = YES;
				CLANG_WARN_INFINITE_RECURSION = YES;
				CLANG_WARN_INT_CONVERSION = YES;
				CLANG_WARN_NON_LITERAL_NULL_CONVERSION = YES;
				CLANG_WARN_OBJC_IMPLICIT_RETAIN_SELF = YES;
				CLANG_WARN_OBJC_LITERAL_CONVERSION = YES;
				CLANG_WARN_OBJC_ROOT_CLASS = YES_ERROR;
				CLANG_WARN_QUOTED_INCLUDE_IN_FRAMEWORK_HEADER = YES;
				CLANG_WARN_RANGE_LOOP_ANALYSIS = YES;
				CLANG_WARN_STRICT_PROTOTYPES = YES;
				CLANG_WARN_SUSPICIOUS_MOVE = YES;
				CLANG_WARN_UNGUARDED_AVAILABILITY = YES_AGGRESSIVE;
				CLANG_WARN_UNREACHABLE_CODE = YES;
				CLANG_WARN__DUPLICATE_METHOD_MATCH = YES;
				COPY_PHASE_STRIP = NO;
				DEBUG_INFORMATION_FORMAT = dwarf;
				ENABLE_STRICT_OBJC_MSGSEND = YES;
				ENABLE_TESTABILITY = YES;
				ENABLE_USER_SCRIPT_SANDBOXING = YES;
				GCC_C_LANGUAGE_STANDARD = gnu17;
				GCC_DYNAMIC_NO_PIC = NO;
				GCC_NO_COMMON_BLOCKS = YES;
				GCC_OPTIMIZATION_LEVEL = 0;
				GCC_PREPROCESSOR_DEFINITIONS = (
					"DEBUG=1",
					"$(inherited)",
				);
				GCC_WARN_64_TO_32_BIT_CONVERSION = YES;
				GCC_WARN_ABOUT_RETURN_TYPE = YES_ERROR;
				GCC_WARN_UNDECLARED_SELECTOR = YES;
				GCC_WARN_UNINITIALIZED_AUTOS = YES_AGGRESSIVE;
				GCC_WARN_UNUSED_FUNCTION = YES;
				GCC_WARN_UNUSED_VARIABLE = YES;
				IPHONEOS_DEPLOYMENT_TARGET = 18.2;
				LOCALIZATION_PREFERS_STRING_CATALOGS = YES;
				MTL_ENABLE_DEBUG_INFO = INCLUDE_SOURCE;
				MTL_FAST_MATH = YES;
				ONLY_ACTIVE_ARCH = YES;
				SDKROOT = iphoneos;
				SWIFT_ACTIVE_COMPILATION_CONDITIONS = "DEBUG $(inherited)";
				SWIFT_OPTIMIZATION_LEVEL = "-Onone";
			};
			name = Debug;
		};
		96DDB36C2DE9F1680041269A /* Release */ = {
			isa = XCBuildConfiguration;
			buildSettings = {
				ALWAYS_SEARCH_USER_PATHS = NO;
				ASSETCATALOG_COMPILER_GENERATE_SWIFT_ASSET_SYMBOL_EXTENSIONS = YES;
				CLANG_ANALYZER_NONNULL = YES;
				CLANG_ANALYZER_NUMBER_OBJECT_CONVERSION = YES_AGGRESSIVE;
				CLANG_CXX_LANGUAGE_STANDARD = "gnu++20";
				CLANG_ENABLE_MODULES = YES;
				CLANG_ENABLE_OBJC_ARC = YES;
				CLANG_ENABLE_OBJC_WEAK = YES;
				CLANG_WARN_BLOCK_CAPTURE_AUTORELEASING = YES;
				CLANG_WARN_BOOL_CONVERSION = YES;
				CLANG_WARN_COMMA = YES;
				CLANG_WARN_CONSTANT_CONVERSION = YES;
				CLANG_WARN_DEPRECATED_OBJC_IMPLEMENTATIONS = YES;
				CLANG_WARN_DIRECT_OBJC_ISA_USAGE = YES_ERROR;
				CLANG_WARN_DOCUMENTATION_COMMENTS = YES;
				CLANG_WARN_EMPTY_BODY = YES;
				CLANG_WARN_ENUM_CONVERSION = YES;
				CLANG_WARN_INFINITE_RECURSION = YES;
				CLANG_WARN_INT_CONVERSION = YES;
				CLANG_WARN_NON_LITERAL_NULL_CONVERSION = YES;
				CLANG_WARN_OBJC_IMPLICIT_RETAIN_SELF = YES;
				CLANG_WARN_OBJC_LITERAL_CONVERSION = YES;
				CLANG_WARN_OBJC_ROOT_CLASS = YES_ERROR;
				CLANG_WARN_QUOTED_INCLUDE_IN_FRAMEWORK_HEADER = YES;
				CLANG_WARN_RANGE_LOOP_ANALYSIS = YES;
				CLANG_WARN_STRICT_PROTOTYPES = YES;
				CLANG_WARN_SUSPICIOUS_MOVE = YES;
				CLANG_WARN_UNGUARDED_AVAILABILITY = YES_AGGRESSIVE;
				CLANG_WARN_UNREACHABLE_CODE = YES;
				CLANG_WARN__DUPLICATE_METHOD_MATCH = YES;
				COPY_PHASE_STRIP = NO;
				DEBUG_INFORMATION_FORMAT = "dwarf-with-dsym";
				ENABLE_NS_ASSERTIONS = NO;
				ENABLE_STRICT_OBJC_MSGSEND = YES;
				ENABLE_USER_SCRIPT_SANDBOXING = YES;
				GCC_C_LANGUAGE_STANDARD = gnu17;
				GCC_NO_COMMON_BLOCKS = YES;
				GCC_WARN_64_TO_32_BIT_CONVERSION = YES;
				GCC_WARN_ABOUT_RETURN_TYPE = YES_ERROR;
				GCC_WARN_UNDECLARED_SELECTOR = YES;
				GCC_WARN_UNINITIALIZED_AUTOS = YES_AGGRESSIVE;
				GCC_WARN_UNUSED_FUNCTION = YES;
				GCC_WARN_UNUSED_VARIABLE = YES;
				IPHONEOS_DEPLOYMENT_TARGET = 18.2;
				LOCALIZATION_PREFERS_STRING_CATALOGS = YES;
				MTL_ENABLE_DEBUG_INFO = NO;
				MTL_FAST_MATH = YES;
				SDKROOT = iphoneos;
				SWIFT_COMPILATION_MODE = wholemodule;
				VALIDATE_PRODUCT = YES;
			};
			name = Release;
		};
		96DDB36E2DE9F1680041269A /* Debug */ = {
			isa = XCBuildConfiguration;
			buildSettings = {
				ASSETCATALOG_COMPILER_APPICON_NAME = AppIcon;
				ASSETCATALOG_COMPILER_GLOBAL_ACCENT_COLOR_NAME = AccentColor;
				CODE_SIGN_STYLE = Automatic;
				CURRENT_PROJECT_VERSION = 1;
				DEVELOPMENT_ASSET_PATHS = "\"CineList/Preview Content\"";
				DEVELOPMENT_TEAM = PPQ4A2J7RY;
				ENABLE_PREVIEWS = YES;
				GENERATE_INFOPLIST_FILE = YES;
				INFOPLIST_KEY_UIApplicationSceneManifest_Generation = YES;
				INFOPLIST_KEY_UIApplicationSupportsIndirectInputEvents = YES;
				INFOPLIST_KEY_UILaunchScreen_Generation = YES;
				INFOPLIST_KEY_UISupportedInterfaceOrientations_iPad = "UIInterfaceOrientationPortrait UIInterfaceOrientationPortraitUpsideDown UIInterfaceOrientationLandscapeLeft UIInterfaceOrientationLandscapeRight";
				INFOPLIST_KEY_UISupportedInterfaceOrientations_iPhone = "UIInterfaceOrientationPortrait UIInterfaceOrientationLandscapeLeft UIInterfaceOrientationLandscapeRight";
				LD_RUNPATH_SEARCH_PATHS = (
					"$(inherited)",
					"@executable_path/Frameworks",
				);
				MARKETING_VERSION = 1.0;
				PRODUCT_BUNDLE_IDENTIFIER = com.abjcodes.CineList;
				PRODUCT_NAME = "$(TARGET_NAME)";
				SWIFT_EMIT_LOC_STRINGS = YES;
				SWIFT_VERSION = 5.0;
				TARGETED_DEVICE_FAMILY = "1,2";
			};
			name = Debug;
		};
		96DDB36F2DE9F1680041269A /* Release */ = {
			isa = XCBuildConfiguration;
			buildSettings = {
				ASSETCATALOG_COMPILER_APPICON_NAME = AppIcon;
				ASSETCATALOG_COMPILER_GLOBAL_ACCENT_COLOR_NAME = AccentColor;
				CODE_SIGN_STYLE = Automatic;
				CURRENT_PROJECT_VERSION = 1;
				DEVELOPMENT_ASSET_PATHS = "\"CineList/Preview Content\"";
				DEVELOPMENT_TEAM = PPQ4A2J7RY;
				ENABLE_PREVIEWS = YES;
				GENERATE_INFOPLIST_FILE = YES;
				INFOPLIST_KEY_UIApplicationSceneManifest_Generation = YES;
				INFOPLIST_KEY_UIApplicationSupportsIndirectInputEvents = YES;
				INFOPLIST_KEY_UILaunchScreen_Generation = YES;
				INFOPLIST_KEY_UISupportedInterfaceOrientations_iPad = "UIInterfaceOrientationPortrait UIInterfaceOrientationPortraitUpsideDown UIInterfaceOrientationLandscapeLeft UIInterfaceOrientationLandscapeRight";
				INFOPLIST_KEY_UISupportedInterfaceOrientations_iPhone = "UIInterfaceOrientationPortrait UIInterfaceOrientationLandscapeLeft UIInterfaceOrientationLandscapeRight";
				LD_RUNPATH_SEARCH_PATHS = (
					"$(inherited)",
					"@executable_path/Frameworks",
				);
				MARKETING_VERSION = 1.0;
				PRODUCT_BUNDLE_IDENTIFIER = com.abjcodes.CineList;
				PRODUCT_NAME = "$(TARGET_NAME)";
				SWIFT_EMIT_LOC_STRINGS = YES;
				SWIFT_VERSION = 5.0;
				TARGETED_DEVICE_FAMILY = "1,2";
			};
			name = Release;
		};
		96DDB3712DE9F1680041269A /* Debug */ = {
			isa = XCBuildConfiguration;
			buildSettings = {
				BUNDLE_LOADER = "$(TEST_HOST)";
				CODE_SIGN_STYLE = Automatic;
				CURRENT_PROJECT_VERSION = 1;
				DEVELOPMENT_TEAM = PPQ4A2J7RY;
				GENERATE_INFOPLIST_FILE = YES;
				IPHONEOS_DEPLOYMENT_TARGET = 18.2;
				MARKETING_VERSION = 1.0;
				PRODUCT_BUNDLE_IDENTIFIER = com.abjcodes.CineListTests;
				PRODUCT_NAME = "$(TARGET_NAME)";
				SWIFT_EMIT_LOC_STRINGS = NO;
				SWIFT_VERSION = 5.0;
				TARGETED_DEVICE_FAMILY = "1,2";
				TEST_HOST = "$(BUILT_PRODUCTS_DIR)/CineList.app/$(BUNDLE_EXECUTABLE_FOLDER_PATH)/CineList";
			};
			name = Debug;
		};
		96DDB3722DE9F1680041269A /* Release */ = {
			isa = XCBuildConfiguration;
			buildSettings = {
				BUNDLE_LOADER = "$(TEST_HOST)";
				CODE_SIGN_STYLE = Automatic;
				CURRENT_PROJECT_VERSION = 1;
				DEVELOPMENT_TEAM = PPQ4A2J7RY;
				GENERATE_INFOPLIST_FILE = YES;
				IPHONEOS_DEPLOYMENT_TARGET = 18.2;
				MARKETING_VERSION = 1.0;
				PRODUCT_BUNDLE_IDENTIFIER = com.abjcodes.CineListTests;
				PRODUCT_NAME = "$(TARGET_NAME)";
				SWIFT_EMIT_LOC_STRINGS = NO;
				SWIFT_VERSION = 5.0;
				TARGETED_DEVICE_FAMILY = "1,2";
				TEST_HOST = "$(BUILT_PRODUCTS_DIR)/CineList.app/$(BUNDLE_EXECUTABLE_FOLDER_PATH)/CineList";
			};
			name = Release;
		};
		96DDB3742DE9F1680041269A /* Debug */ = {
			isa = XCBuildConfiguration;
			buildSettings = {
				CODE_SIGN_STYLE = Automatic;
				CURRENT_PROJECT_VERSION = 1;
				DEVELOPMENT_TEAM = PPQ4A2J7RY;
				GENERATE_INFOPLIST_FILE = YES;
				MARKETING_VERSION = 1.0;
				PRODUCT_BUNDLE_IDENTIFIER = com.abjcodes.CineListUITests;
				PRODUCT_NAME = "$(TARGET_NAME)";
				SWIFT_EMIT_LOC_STRINGS = NO;
				SWIFT_VERSION = 5.0;
				TARGETED_DEVICE_FAMILY = "1,2";
				TEST_TARGET_NAME = CineList;
			};
			name = Debug;
		};
		96DDB3752DE9F1680041269A /* Release */ = {
			isa = XCBuildConfiguration;
			buildSettings = {
				CODE_SIGN_STYLE = Automatic;
				CURRENT_PROJECT_VERSION = 1;
				DEVELOPMENT_TEAM = PPQ4A2J7RY;
				GENERATE_INFOPLIST_FILE = YES;
				MARKETING_VERSION = 1.0;
				PRODUCT_BUNDLE_IDENTIFIER = com.abjcodes.CineListUITests;
				PRODUCT_NAME = "$(TARGET_NAME)";
				SWIFT_EMIT_LOC_STRINGS = NO;
				SWIFT_VERSION = 5.0;
				TARGETED_DEVICE_FAMILY = "1,2";
				TEST_TARGET_NAME = CineList;
			};
			name = Release;
		};
/* End XCBuildConfiguration section */

/* Begin XCConfigurationList section */
		96DDB3442DE9F1670041269A /* Build configuration list for PBXProject "CineList" */ = {
			isa = XCConfigurationList;
			buildConfigurations = (
				96DDB36B2DE9F1680041269A /* Debug */,
				96DDB36C2DE9F1680041269A /* Release */,
			);
			defaultConfigurationIsVisible = 0;
			defaultConfigurationName = Release;
		};
		96DDB36D2DE9F1680041269A /* Build configuration list for PBXNativeTarget "CineList" */ = {
			isa = XCConfigurationList;
			buildConfigurations = (
				96DDB36E2DE9F1680041269A /* Debug */,
				96DDB36F2DE9F1680041269A /* Release */,
			);
			defaultConfigurationIsVisible = 0;
			defaultConfigurationName = Release;
		};
		96DDB3702DE9F1680041269A /* Build configuration list for PBXNativeTarget "CineListTests" */ = {
			isa = XCConfigurationList;
			buildConfigurations = (
				96DDB3712DE9F1680041269A /* Debug */,
				96DDB3722DE9F1680041269A /* Release */,
			);
			defaultConfigurationIsVisible = 0;
			defaultConfigurationName = Release;
		};
		96DDB3732DE9F1680041269A /* Build configuration list for PBXNativeTarget "CineListUITests" */ = {
			isa = XCConfigurationList;
			buildConfigurations = (
				96DDB3742DE9F1680041269A /* Debug */,
				96DDB3752DE9F1680041269A /* Release */,
			);
			defaultConfigurationIsVisible = 0;
			defaultConfigurationName = Release;
		};
/* End XCConfigurationList section */
	};
	rootObject = 96DDB3412DE9F1670041269A /* Project object */;
}
